
Microsoft Visual Studio Solution File, Format Version 12.00
# Visual Studio Version 16
VisualStudioVersion = 16.0.31321.278
MinimumVisualStudioVersion = 10.0.40219.1
Project("{FAE04EC0-301F-11D3-BF4B-00C04F79EFBC}") = "SortProject", "SortProject.csproj", "{6AC172CD-12BD-413F-BB2A-F3DA1677E9CA}"
EndProject
Global
	GlobalSection(SolutionConfigurationPlatforms) = preSolution
		Debug|Any CPU = Debug|Any CPU
		Release|Any CPU = Release|Any CPU
	EndGlobalSection
	GlobalSection(ProjectConfigurationPlatforms) = postSolution
		{6AC172CD-12BD-413F-BB2A-F3DA1677E9CA}.Debug|Any CPU.ActiveCfg = Debug|Any CPU
		{6AC172CD-12BD-413F-BB2A-F3DA1677E9CA}.Debug|Any CPU.Build.0 = Debug|Any CPU
		{6AC172CD-12BD-413F-BB2A-F3DA1677E9CA}.Release|Any CPU.ActiveCfg = Release|Any CPU
		{6AC172CD-12BD-413F-BB2A-F3DA1677E9CA}.Release|Any CPU.Build.0 = Release|Any CPU
	EndGlobalSection
	GlobalSection(SolutionProperties) = preSolution
		HideSolutionNode = FALSE
	EndGlobalSection
	GlobalSection(ExtensibilityGlobals) = postSolution
		SolutionGuid = {151D195F-467A-4C20-98BE-F846D3A50D2C}
	EndGlobalSection
EndGlobal
