
Microsoft Visual Studio Solution File, Format Version 12.00
# Visual Studio Version 16
VisualStudioVersion = 16.0.31321.278
MinimumVisualStudioVersion = 10.0.40219.1
Project("{FAE04EC0-301F-11D3-BF4B-00C04F79EFBC}") = "TypedArray", "TypedArray.csproj", "{4AF83024-A0A0-4199-A8AF-7AF0EAB2CFBF}"
EndProject
Global
	GlobalSection(SolutionConfigurationPlatforms) = preSolution
		Debug|Any CPU = Debug|Any CPU
		Release|Any CPU = Release|Any CPU
	EndGlobalSection
	GlobalSection(ProjectConfigurationPlatforms) = postSolution
		{4AF83024-A0A0-4199-A8AF-7AF0EAB2CFBF}.Debug|Any CPU.ActiveCfg = Debug|Any CPU
		{4AF83024-A0A0-4199-A8AF-7AF0EAB2CFBF}.Debug|Any CPU.Build.0 = Debug|Any CPU
		{4AF83024-A0A0-4199-A8AF-7AF0EAB2CFBF}.Release|Any CPU.ActiveCfg = Release|Any CPU
		{4AF83024-A0A0-4199-A8AF-7AF0EAB2CFBF}.Release|Any CPU.Build.0 = Release|Any CPU
	EndGlobalSection
	GlobalSection(SolutionProperties) = preSolution
		HideSolutionNode = FALSE
	EndGlobalSection
	GlobalSection(ExtensibilityGlobals) = postSolution
		SolutionGuid = {38FD4486-9295-44A1-8CAE-0EDAF0ED9250}
	EndGlobalSection
EndGlobal
