
Microsoft Visual Studio Solution File, Format Version 12.00
# Visual Studio Version 16
VisualStudioVersion = 16.0.31321.278
MinimumVisualStudioVersion = 10.0.40219.1
Project("{FAE04EC0-301F-11D3-BF4B-00C04F79EFBC}") = "TestApplication", "TestApplication.csproj", "{01CB6BBE-3DB2-4208-A1F3-70173AA7E74A}"
EndProject
Global
	GlobalSection(SolutionConfigurationPlatforms) = preSolution
		Debug|Any CPU = Debug|Any CPU
		Release|Any CPU = Release|Any CPU
	EndGlobalSection
	GlobalSection(ProjectConfigurationPlatforms) = postSolution
		{01CB6BBE-3DB2-4208-A1F3-70173AA7E74A}.Debug|Any CPU.ActiveCfg = Debug|Any CPU
		{01CB6BBE-3DB2-4208-A1F3-70173AA7E74A}.Debug|Any CPU.Build.0 = Debug|Any CPU
		{01CB6BBE-3DB2-4208-A1F3-70173AA7E74A}.Release|Any CPU.ActiveCfg = Release|Any CPU
		{01CB6BBE-3DB2-4208-A1F3-70173AA7E74A}.Release|Any CPU.Build.0 = Release|Any CPU
	EndGlobalSection
	GlobalSection(SolutionProperties) = preSolution
		HideSolutionNode = FALSE
	EndGlobalSection
	GlobalSection(ExtensibilityGlobals) = postSolution
		SolutionGuid = {A7294A25-DBEC-49A1-9E67-68D04FE61E6F}
	EndGlobalSection
EndGlobal
