
Microsoft Visual Studio Solution File, Format Version 12.00
# Visual Studio Version 16
VisualStudioVersion = 16.0.31321.278
MinimumVisualStudioVersion = 10.0.40219.1
Project("{FAE04EC0-301F-11D3-BF4B-00C04F79EFBC}") = "NullException", "NullException.csproj", "{468E4D3E-17B1-44B6-B62D-790C7CC029CE}"
EndProject
Global
	GlobalSection(SolutionConfigurationPlatforms) = preSolution
		Debug|Any CPU = Debug|Any CPU
		Release|Any CPU = Release|Any CPU
	EndGlobalSection
	GlobalSection(ProjectConfigurationPlatforms) = postSolution
		{468E4D3E-17B1-44B6-B62D-790C7CC029CE}.Debug|Any CPU.ActiveCfg = Debug|Any CPU
		{468E4D3E-17B1-44B6-B62D-790C7CC029CE}.Debug|Any CPU.Build.0 = Debug|Any CPU
		{468E4D3E-17B1-44B6-B62D-790C7CC029CE}.Release|Any CPU.ActiveCfg = Release|Any CPU
		{468E4D3E-17B1-44B6-B62D-790C7CC029CE}.Release|Any CPU.Build.0 = Release|Any CPU
	EndGlobalSection
	GlobalSection(SolutionProperties) = preSolution
		HideSolutionNode = FALSE
	EndGlobalSection
	GlobalSection(ExtensibilityGlobals) = postSolution
		SolutionGuid = {9CC1C1FD-43C2-4858-A8EF-35B2C03E3690}
	EndGlobalSection
EndGlobal
