
Microsoft Visual Studio Solution File, Format Version 12.00
# Visual Studio Version 16
VisualStudioVersion = 16.0.31321.278
MinimumVisualStudioVersion = 10.0.40219.1
Project("{FAE04EC0-301F-11D3-BF4B-00C04F79EFBC}") = "MyWebSite", "MyWebSite.csproj", "{39CA11CD-53DF-4D8C-B3D1-882BC5AE4F0F}"
EndProject
Global
	GlobalSection(SolutionConfigurationPlatforms) = preSolution
		Debug|Any CPU = Debug|Any CPU
		Release|Any CPU = Release|Any CPU
	EndGlobalSection
	GlobalSection(ProjectConfigurationPlatforms) = postSolution
		{39CA11CD-53DF-4D8C-B3D1-882BC5AE4F0F}.Debug|Any CPU.ActiveCfg = Debug|Any CPU
		{39CA11CD-53DF-4D8C-B3D1-882BC5AE4F0F}.Debug|Any CPU.Build.0 = Debug|Any CPU
		{39CA11CD-53DF-4D8C-B3D1-882BC5AE4F0F}.Release|Any CPU.ActiveCfg = Release|Any CPU
		{39CA11CD-53DF-4D8C-B3D1-882BC5AE4F0F}.Release|Any CPU.Build.0 = Release|Any CPU
	EndGlobalSection
	GlobalSection(SolutionProperties) = preSolution
		HideSolutionNode = FALSE
	EndGlobalSection
	GlobalSection(ExtensibilityGlobals) = postSolution
		SolutionGuid = {35000AEE-11DA-4FD4-9EA6-D6DD02BD7999}
	EndGlobalSection
EndGlobal
