
Microsoft Visual Studio Solution File, Format Version 12.00
# Visual Studio Version 16
VisualStudioVersion = 16.0.31321.278
MinimumVisualStudioVersion = 10.0.40219.1
Project("{9A19103F-16F7-4668-BE54-9A1E7A4F7556}") = "Parameterskinds", "Parameterskinds.csproj", "{C11E3F71-7F64-4406-AA9E-D262904E8B6A}"
EndProject
Global
	GlobalSection(SolutionConfigurationPlatforms) = preSolution
		Debug|Any CPU = Debug|Any CPU
		Release|Any CPU = Release|Any CPU
	EndGlobalSection
	GlobalSection(ProjectConfigurationPlatforms) = postSolution
		{C11E3F71-7F64-4406-AA9E-D262904E8B6A}.Debug|Any CPU.ActiveCfg = Debug|Any CPU
		{C11E3F71-7F64-4406-AA9E-D262904E8B6A}.Debug|Any CPU.Build.0 = Debug|Any CPU
		{C11E3F71-7F64-4406-AA9E-D262904E8B6A}.Release|Any CPU.ActiveCfg = Release|Any CPU
		{C11E3F71-7F64-4406-AA9E-D262904E8B6A}.Release|Any CPU.Build.0 = Release|Any CPU
	EndGlobalSection
	GlobalSection(SolutionProperties) = preSolution
		HideSolutionNode = FALSE
	EndGlobalSection
	GlobalSection(ExtensibilityGlobals) = postSolution
		SolutionGuid = {C58845AD-07CB-4479-9C3E-8E4C3ED8E85C}
	EndGlobalSection
EndGlobal
