
Microsoft Visual Studio Solution File, Format Version 12.00
# Visual Studio Version 16
VisualStudioVersion = 16.0.31321.278
MinimumVisualStudioVersion = 10.0.40219.1
Project("{9A19103F-16F7-4668-BE54-9A1E7A4F7556}") = "Properties", "Properties.csproj", "{DD5A188B-0CC0-4DB2-86E7-0CBFDB87FAA1}"
EndProject
Global
	GlobalSection(SolutionConfigurationPlatforms) = preSolution
		Debug|Any CPU = Debug|Any CPU
		Release|Any CPU = Release|Any CPU
	EndGlobalSection
	GlobalSection(ProjectConfigurationPlatforms) = postSolution
		{DD5A188B-0CC0-4DB2-86E7-0CBFDB87FAA1}.Debug|Any CPU.ActiveCfg = Debug|Any CPU
		{DD5A188B-0CC0-4DB2-86E7-0CBFDB87FAA1}.Debug|Any CPU.Build.0 = Debug|Any CPU
		{DD5A188B-0CC0-4DB2-86E7-0CBFDB87FAA1}.Release|Any CPU.ActiveCfg = Release|Any CPU
		{DD5A188B-0CC0-4DB2-86E7-0CBFDB87FAA1}.Release|Any CPU.Build.0 = Release|Any CPU
	EndGlobalSection
	GlobalSection(SolutionProperties) = preSolution
		HideSolutionNode = FALSE
	EndGlobalSection
	GlobalSection(ExtensibilityGlobals) = postSolution
		SolutionGuid = {E92F58A6-FE73-4746-8907-6F7AF799C64D}
	EndGlobalSection
EndGlobal
