
Microsoft Visual Studio Solution File, Format Version 12.00
# Visual Studio Version 16
VisualStudioVersion = 16.0.31321.278
MinimumVisualStudioVersion = 10.0.40219.1
Project("{FAE04EC0-301F-11D3-BF4B-00C04F79EFBC}") = "FormatStringSample", "FormatStringSample.csproj", "{FFEFE2AD-F166-48C6-B5D7-D010A0498598}"
EndProject
Global
	GlobalSection(SolutionConfigurationPlatforms) = preSolution
		Debug|Any CPU = Debug|Any CPU
		Release|Any CPU = Release|Any CPU
	EndGlobalSection
	GlobalSection(ProjectConfigurationPlatforms) = postSolution
		{FFEFE2AD-F166-48C6-B5D7-D010A0498598}.Debug|Any CPU.ActiveCfg = Debug|Any CPU
		{FFEFE2AD-F166-48C6-B5D7-D010A0498598}.Debug|Any CPU.Build.0 = Debug|Any CPU
		{FFEFE2AD-F166-48C6-B5D7-D010A0498598}.Release|Any CPU.ActiveCfg = Release|Any CPU
		{FFEFE2AD-F166-48C6-B5D7-D010A0498598}.Release|Any CPU.Build.0 = Release|Any CPU
	EndGlobalSection
	GlobalSection(SolutionProperties) = preSolution
		HideSolutionNode = FALSE
	EndGlobalSection
	GlobalSection(ExtensibilityGlobals) = postSolution
		SolutionGuid = {F0DD5A0D-E82B-48A3-BBC3-BAAE4FE97813}
	EndGlobalSection
EndGlobal
