
Microsoft Visual Studio Solution File, Format Version 12.00
# Visual Studio Version 16
VisualStudioVersion = 16.0.31321.278
MinimumVisualStudioVersion = 10.0.40219.1
Project("{FAE04EC0-301F-11D3-BF4B-00C04F79EFBC}") = "StructExample", "StructExample.csproj", "{F32AE3B1-22D2-4670-B9D6-0633AACD3583}"
EndProject
Global
	GlobalSection(SolutionConfigurationPlatforms) = preSolution
		Debug|Any CPU = Debug|Any CPU
		Release|Any CPU = Release|Any CPU
	EndGlobalSection
	GlobalSection(ProjectConfigurationPlatforms) = postSolution
		{F32AE3B1-22D2-4670-B9D6-0633AACD3583}.Debug|Any CPU.ActiveCfg = Debug|Any CPU
		{F32AE3B1-22D2-4670-B9D6-0633AACD3583}.Debug|Any CPU.Build.0 = Debug|Any CPU
		{F32AE3B1-22D2-4670-B9D6-0633AACD3583}.Release|Any CPU.ActiveCfg = Release|Any CPU
		{F32AE3B1-22D2-4670-B9D6-0633AACD3583}.Release|Any CPU.Build.0 = Release|Any CPU
	EndGlobalSection
	GlobalSection(SolutionProperties) = preSolution
		HideSolutionNode = FALSE
	EndGlobalSection
	GlobalSection(ExtensibilityGlobals) = postSolution
		SolutionGuid = {EC4C75DC-A7A6-4032-A1B3-650226FBAB9D}
	EndGlobalSection
EndGlobal
