
Microsoft Visual Studio Solution File, Format Version 12.00
# Visual Studio 15
VisualStudioVersion = 15.0.27428.2015
MinimumVisualStudioVersion = 10.0.40219.1
Project("{FAE04EC0-301F-11D3-BF4B-00C04F79EFBC}") = "ConsoleRead", "ConsoleRead\ConsoleRead.csproj", "{7A6D5C71-6AC6-452C-9E1A-05CF038AE186}"
EndProject
Global
	GlobalSection(SolutionConfigurationPlatforms) = preSolution
		Debug|Any CPU = Debug|Any CPU
		Release|Any CPU = Release|Any CPU
	EndGlobalSection
	GlobalSection(ProjectConfigurationPlatforms) = postSolution
		{7A6D5C71-6AC6-452C-9E1A-05CF038AE186}.Debug|Any CPU.ActiveCfg = Debug|Any CPU
		{7A6D5C71-6AC6-452C-9E1A-05CF038AE186}.Debug|Any CPU.Build.0 = Debug|Any CPU
		{7A6D5C71-6AC6-452C-9E1A-05CF038AE186}.Release|Any CPU.ActiveCfg = Release|Any CPU
		{7A6D5C71-6AC6-452C-9E1A-05CF038AE186}.Release|Any CPU.Build.0 = Release|Any CPU
	EndGlobalSection
	GlobalSection(SolutionProperties) = preSolution
		HideSolutionNode = FALSE
	EndGlobalSection
	GlobalSection(ExtensibilityGlobals) = postSolution
		SolutionGuid = {66FCF75C-9DB5-47DA-BED0-4BD0406C680C}
	EndGlobalSection
EndGlobal
