
Microsoft Visual Studio Solution File, Format Version 12.00
# Visual Studio Version 16
VisualStudioVersion = 16.0.31321.278
MinimumVisualStudioVersion = 10.0.40219.1
Project("{FAE04EC0-301F-11D3-BF4B-00C04F79EFBC}") = "HashtableProject", "HashtableProject.csproj", "{A84431E9-19B9-4BC4-B645-A99A3F541397}"
EndProject
Global
	GlobalSection(SolutionConfigurationPlatforms) = preSolution
		Debug|Any CPU = Debug|Any CPU
		Release|Any CPU = Release|Any CPU
	EndGlobalSection
	GlobalSection(ProjectConfigurationPlatforms) = postSolution
		{A84431E9-19B9-4BC4-B645-A99A3F541397}.Debug|Any CPU.ActiveCfg = Debug|Any CPU
		{A84431E9-19B9-4BC4-B645-A99A3F541397}.Debug|Any CPU.Build.0 = Debug|Any CPU
		{A84431E9-19B9-4BC4-B645-A99A3F541397}.Release|Any CPU.ActiveCfg = Release|Any CPU
		{A84431E9-19B9-4BC4-B645-A99A3F541397}.Release|Any CPU.Build.0 = Release|Any CPU
	EndGlobalSection
	GlobalSection(SolutionProperties) = preSolution
		HideSolutionNode = FALSE
	EndGlobalSection
	GlobalSection(ExtensibilityGlobals) = postSolution
		SolutionGuid = {6C977642-FD9A-45B1-B6CE-7A6C5CBA09C6}
	EndGlobalSection
EndGlobal
