
Microsoft Visual Studio Solution File, Format Version 12.00
# Visual Studio Version 16
VisualStudioVersion = 16.0.31321.278
MinimumVisualStudioVersion = 10.0.40219.1
Project("{FAE04EC0-301F-11D3-BF4B-00C04F79EFBC}") = "MyOwnException", "MyOwnException.csproj", "{ED947855-FED6-4FAD-A46F-AD74E190A563}"
EndProject
Global
	GlobalSection(SolutionConfigurationPlatforms) = preSolution
		Debug|Any CPU = Debug|Any CPU
		Release|Any CPU = Release|Any CPU
	EndGlobalSection
	GlobalSection(ProjectConfigurationPlatforms) = postSolution
		{ED947855-FED6-4FAD-A46F-AD74E190A563}.Debug|Any CPU.ActiveCfg = Debug|Any CPU
		{ED947855-FED6-4FAD-A46F-AD74E190A563}.Debug|Any CPU.Build.0 = Debug|Any CPU
		{ED947855-FED6-4FAD-A46F-AD74E190A563}.Release|Any CPU.ActiveCfg = Release|Any CPU
		{ED947855-FED6-4FAD-A46F-AD74E190A563}.Release|Any CPU.Build.0 = Release|Any CPU
	EndGlobalSection
	GlobalSection(SolutionProperties) = preSolution
		HideSolutionNode = FALSE
	EndGlobalSection
	GlobalSection(ExtensibilityGlobals) = postSolution
		SolutionGuid = {5983C33A-08F7-4DC1-BB06-58260BA144E9}
	EndGlobalSection
EndGlobal
