
Microsoft Visual Studio Solution File, Format Version 12.00
# Visual Studio Version 16
VisualStudioVersion = 16.0.31321.278
MinimumVisualStudioVersion = 10.0.40219.1
Project("{9A19103F-16F7-4668-BE54-9A1E7A4F7556}") = "Polemorf", "Polemorf.csproj", "{6F327965-DFB0-4955-9C7A-20816B159544}"
EndProject
Global
	GlobalSection(SolutionConfigurationPlatforms) = preSolution
		Debug|Any CPU = Debug|Any CPU
		Release|Any CPU = Release|Any CPU
	EndGlobalSection
	GlobalSection(ProjectConfigurationPlatforms) = postSolution
		{6F327965-DFB0-4955-9C7A-20816B159544}.Debug|Any CPU.ActiveCfg = Debug|Any CPU
		{6F327965-DFB0-4955-9C7A-20816B159544}.Debug|Any CPU.Build.0 = Debug|Any CPU
		{6F327965-DFB0-4955-9C7A-20816B159544}.Release|Any CPU.ActiveCfg = Release|Any CPU
		{6F327965-DFB0-4955-9C7A-20816B159544}.Release|Any CPU.Build.0 = Release|Any CPU
	EndGlobalSection
	GlobalSection(SolutionProperties) = preSolution
		HideSolutionNode = FALSE
	EndGlobalSection
	GlobalSection(ExtensibilityGlobals) = postSolution
		SolutionGuid = {3B5959DF-B3E5-4200-808C-C6E4AD846E9C}
	EndGlobalSection
EndGlobal
