
Microsoft Visual Studio Solution File, Format Version 12.00
# Visual Studio Version 16
VisualStudioVersion = 16.0.31321.278
MinimumVisualStudioVersion = 10.0.40219.1
Project("{FAE04EC0-301F-11D3-BF4B-00C04F79EFBC}") = "ThreadTest", "ThreadTest.csproj", "{67DDE743-97DB-4AA2-841A-B8FE1E4531F4}"
EndProject
Global
	GlobalSection(SolutionConfigurationPlatforms) = preSolution
		Debug|Any CPU = Debug|Any CPU
		Release|Any CPU = Release|Any CPU
	EndGlobalSection
	GlobalSection(ProjectConfigurationPlatforms) = postSolution
		{67DDE743-97DB-4AA2-841A-B8FE1E4531F4}.Debug|Any CPU.ActiveCfg = Debug|Any CPU
		{67DDE743-97DB-4AA2-841A-B8FE1E4531F4}.Debug|Any CPU.Build.0 = Debug|Any CPU
		{67DDE743-97DB-4AA2-841A-B8FE1E4531F4}.Release|Any CPU.ActiveCfg = Release|Any CPU
		{67DDE743-97DB-4AA2-841A-B8FE1E4531F4}.Release|Any CPU.Build.0 = Release|Any CPU
	EndGlobalSection
	GlobalSection(SolutionProperties) = preSolution
		HideSolutionNode = FALSE
	EndGlobalSection
	GlobalSection(ExtensibilityGlobals) = postSolution
		SolutionGuid = {56B0CA02-B6B2-4B57-B511-3079F49213C9}
	EndGlobalSection
EndGlobal
