
Microsoft Visual Studio Solution File, Format Version 12.00
# Visual Studio Version 16
VisualStudioVersion = 16.0.31321.278
MinimumVisualStudioVersion = 10.0.40219.1
Project("{FAE04EC0-301F-11D3-BF4B-00C04F79EFBC}") = "ConcurentAccess", "ConcurentAccess.csproj", "{F4E40093-811D-4784-9BB7-40118D8346CC}"
EndProject
Global
	GlobalSection(SolutionConfigurationPlatforms) = preSolution
		Debug|Any CPU = Debug|Any CPU
		Release|Any CPU = Release|Any CPU
	EndGlobalSection
	GlobalSection(ProjectConfigurationPlatforms) = postSolution
		{F4E40093-811D-4784-9BB7-40118D8346CC}.Debug|Any CPU.ActiveCfg = Debug|Any CPU
		{F4E40093-811D-4784-9BB7-40118D8346CC}.Debug|Any CPU.Build.0 = Debug|Any CPU
		{F4E40093-811D-4784-9BB7-40118D8346CC}.Release|Any CPU.ActiveCfg = Release|Any CPU
		{F4E40093-811D-4784-9BB7-40118D8346CC}.Release|Any CPU.Build.0 = Release|Any CPU
	EndGlobalSection
	GlobalSection(SolutionProperties) = preSolution
		HideSolutionNode = FALSE
	EndGlobalSection
	GlobalSection(ExtensibilityGlobals) = postSolution
		SolutionGuid = {D40E8DA8-762F-41E8-8BD2-784D3936F188}
	EndGlobalSection
EndGlobal
