
Microsoft Visual Studio Solution File, Format Version 12.00
# Visual Studio Version 16
VisualStudioVersion = 16.0.31321.278
MinimumVisualStudioVersion = 10.0.40219.1
Project("{FAE04EC0-301F-11D3-BF4B-00C04F79EFBC}") = "JaggedArray", "JaggedArray.csproj", "{254D2D2C-9DFB-4697-8EF8-07CB920A4E58}"
EndProject
Global
	GlobalSection(SolutionConfigurationPlatforms) = preSolution
		Debug|Any CPU = Debug|Any CPU
		Release|Any CPU = Release|Any CPU
	EndGlobalSection
	GlobalSection(ProjectConfigurationPlatforms) = postSolution
		{254D2D2C-9DFB-4697-8EF8-07CB920A4E58}.Debug|Any CPU.ActiveCfg = Debug|Any CPU
		{254D2D2C-9DFB-4697-8EF8-07CB920A4E58}.Debug|Any CPU.Build.0 = Debug|Any CPU
		{254D2D2C-9DFB-4697-8EF8-07CB920A4E58}.Release|Any CPU.ActiveCfg = Release|Any CPU
		{254D2D2C-9DFB-4697-8EF8-07CB920A4E58}.Release|Any CPU.Build.0 = Release|Any CPU
	EndGlobalSection
	GlobalSection(SolutionProperties) = preSolution
		HideSolutionNode = FALSE
	EndGlobalSection
	GlobalSection(ExtensibilityGlobals) = postSolution
		SolutionGuid = {396BC1CB-7698-43D9-B58C-7EB774984F64}
	EndGlobalSection
EndGlobal
